{
  "version": 1,
  "dependencies": {
    "net10.0": {
      "Google.Protobuf": {
        "type": "Transitive",
        "resolved": "3.35.1",
        "contentHash": "pxtkuXhR8svkvDTQrYew9GZQt6eWhblz/V/WKUFrQgkHYlQPsumJTeF6ppHRJpe6j9ffukkd5lQULiiKaek4xA=="
      },
      "Microsoft.CodeAnalysis.Analyzers": {
        "type": "Transitive",
        "resolved": "5.3.0-2.25625.1",
        "contentHash": "4Yhh2fnu3G+J0J1lDc8WZVgMjgbynSeTfkl5IFJMFrmiIO0sc7Tjx+f3sFVV8Sd35PrIUWfof0RWc3lAMl7Azg=="
      },
      "Microsoft.CodeAnalysis.Common": {
        "type": "Transitive",
        "resolved": "5.3.0",
        "contentHash": "uC0qk3jzTQY7i90ehfnCqaOZpBUGJyPMiHJ3c0jOb8yaPBjWzIhVdNxPbeVzI74DB0C+YgBKPLqUkgFZzua5Mg==",
        "dependencies": {
          "Microsoft.CodeAnalysis.Analyzers": "5.3.0-2.25625.1"
        }
      },
      "Microsoft.CodeAnalysis.CSharp": {
        "type": "Transitive",
        "resolved": "5.3.0",
        "contentHash": "SQFNGQF4f7UfDXKxMzzGNMr3fjrPDIjLfmRvvVgDCw+dyvEHDaRfHuKA5q0Pr0/JW0Gcw89TxrxrS/MjwBvluQ==",
        "dependencies": {
          "Microsoft.CodeAnalysis.Analyzers": "5.3.0-2.25625.1",
          "Microsoft.CodeAnalysis.Common": "[5.3.0]"
        }
      },
      "midora.audio": {
        "type": "Project",
        "dependencies": {
          "Midora.AudioDevice": "[1.0.0-dev, )",
          "Midora.Common": "[1.0.0-dev, )",
          "Midora.Midi": "[1.0.0-dev, )"
        }
      },
      "midora.audiodevice": {
        "type": "Project"
      },
      "midora.audiodevice.wave": {
        "type": "Project",
        "dependencies": {
          "Midora.AudioDevice": "[1.0.0-dev, )"
        }
      },
      "midora.audiorender": {
        "type": "Project",
        "dependencies": {
          "Midora.Audio": "[1.0.0-dev, )",
          "Midora.AudioDevice.Wave": "[1.0.0-dev, )",
          "Midora.Common": "[1.0.0-dev, )",
          "Midora.Compiler": "[1.0.0-dev, )",
          "Midora.Domain": "[1.0.0-dev, )",
          "Midora.Persistence": "[1.0.0-dev, )",
          "Midora.Playback": "[1.0.0-dev, )"
        }
      },
      "midora.common": {
        "type": "Project"
      },
      "midora.compiler": {
        "type": "Project",
        "dependencies": {
          "Microsoft.CodeAnalysis.CSharp": "[5.3.0, )",
          "Midora.Common": "[1.0.0-dev, )",
          "Midora.Domain": "[1.0.0-dev, )",
          "Midora.Mapping.Contract.V2": "[1.0.0-dev, )",
          "Midora.Midi": "[1.0.0-dev, )"
        }
      },
      "midora.domain": {
        "type": "Project",
        "dependencies": {
          "Midora.Common": "[1.0.0-dev, )",
          "Midora.Mapping.Contract.V2": "[1.0.0-dev, )"
        }
      },
      "midora.mapping.contract.v2": {
        "type": "Project"
      },
      "midora.midi": {
        "type": "Project"
      },
      "midora.midiexport": {
        "type": "Project",
        "dependencies": {
          "Midora.Common": "[1.0.0-dev, )",
          "Midora.Compiler": "[1.0.0-dev, )",
          "Midora.Domain": "[1.0.0-dev, )",
          "Midora.Midi": "[1.0.0-dev, )"
        }
      },
      "midora.persistence": {
        "type": "Project",
        "dependencies": {
          "Google.Protobuf": "[3.35.1, )",
          "Midora.Common": "[1.0.0-dev, )",
          "Midora.Domain": "[1.0.0-dev, )"
        }
      },
      "midora.playback": {
        "type": "Project",
        "dependencies": {
          "Midora.Audio": "[1.0.0-dev, )",
          "Midora.Compiler": "[1.0.0-dev, )",
          "Midora.Domain": "[1.0.0-dev, )"
        }
      }
    },
    "net10.0/win-x64": {}
  }
}